
Microsoft Visual Studio Solution File, Format Version 12.00
# Visual Studio 2012
Project("{FAE04EC0-301F-11D3-BF4B-00C04F79EFBC}") = "CallOfDuty", "CallOfDuty\CallOfDuty.csproj", "{8BD568A3-6EF8-4489-9B49-4A0CDA55987C}"
EndProject
Project("{FAE04EC0-301F-11D3-BF4B-00C04F79EFBC}") = "CallOfDuty.UnitTests", "CallOfDuty.UnitTests\CallOfDuty.UnitTests.csproj", "{455B6164-594D-4C14-820E-130B1F1247A0}"
EndProject
Global
	GlobalSection(SolutionConfigurationPlatforms) = preSolution
		Debug|Any CPU = Debug|Any CPU
		Release|Any CPU = Release|Any CPU
	EndGlobalSection
	GlobalSection(ProjectConfigurationPlatforms) = postSolution
		{8BD568A3-6EF8-4489-9B49-4A0CDA55987C}.Debug|Any CPU.ActiveCfg = Debug|Any CPU
		{8BD568A3-6EF8-4489-9B49-4A0CDA55987C}.Debug|Any CPU.Build.0 = Debug|Any CPU
		{8BD568A3-6EF8-4489-9B49-4A0CDA55987C}.Release|Any CPU.ActiveCfg = Release|Any CPU
		{8BD568A3-6EF8-4489-9B49-4A0CDA55987C}.Release|Any CPU.Build.0 = Release|Any CPU
		{455B6164-594D-4C14-820E-130B1F1247A0}.Debug|Any CPU.ActiveCfg = Debug|Any CPU
		{455B6164-594D-4C14-820E-130B1F1247A0}.Debug|Any CPU.Build.0 = Debug|Any CPU
		{455B6164-594D-4C14-820E-130B1F1247A0}.Release|Any CPU.ActiveCfg = Release|Any CPU
		{455B6164-594D-4C14-820E-130B1F1247A0}.Release|Any CPU.Build.0 = Release|Any CPU
	EndGlobalSection
	GlobalSection(SolutionProperties) = preSolution
		HideSolutionNode = FALSE
	EndGlobalSection
EndGlobal
